
Microsoft Visual Studio Solution File, Format Version 12.00
# Visual Studio Version 16
VisualStudioVersion = 16.0.30517.126
MinimumVisualStudioVersion = 10.0.40219.1
Project("{FAE04EC0-301F-11D3-BF4B-00C04F79EFBC}") = "Nyous.noSql", "Nyous.noSql.csproj", "{22C757AF-9A9D-4487-AD49-0A5F5A31A5EE}"
EndProject
Global
	GlobalSection(SolutionConfigurationPlatforms) = preSolution
		Debug|Any CPU = Debug|Any CPU
		Release|Any CPU = Release|Any CPU
	EndGlobalSection
	GlobalSection(ProjectConfigurationPlatforms) = postSolution
		{22C757AF-9A9D-4487-AD49-0A5F5A31A5EE}.Debug|Any CPU.ActiveCfg = Debug|Any CPU
		{22C757AF-9A9D-4487-AD49-0A5F5A31A5EE}.Debug|Any CPU.Build.0 = Debug|Any CPU
		{22C757AF-9A9D-4487-AD49-0A5F5A31A5EE}.Release|Any CPU.ActiveCfg = Release|Any CPU
		{22C757AF-9A9D-4487-AD49-0A5F5A31A5EE}.Release|Any CPU.Build.0 = Release|Any CPU
	EndGlobalSection
	GlobalSection(SolutionProperties) = preSolution
		HideSolutionNode = FALSE
	EndGlobalSection
	GlobalSection(ExtensibilityGlobals) = postSolution
		SolutionGuid = {95BEB6C8-80A7-42AD-9B52-6115A5C9FE27}
	EndGlobalSection
EndGlobal
